
Microsoft Visual Studio Solution File, Format Version 12.00
# Visual Studio Version 17
VisualStudioVersion = 17.0.31903.59
MinimumVisualStudioVersion = 10.0.40219.1
Project("{9A19103F-16F7-4668-BE54-9A1E7A4F7556}") = "DimonSmart.Specification", "Specification\DimonSmart.Specification.csproj", "{1145F448-4250-416D-AEA8-43B1C33C3CAB}"
EndProject
Project("{9A19103F-16F7-4668-BE54-9A1E7A4F7556}") = "DimonSmart.EFSpecification", "EFSpecification\DimonSmart.EFSpecification.csproj", "{7BC1ACAC-8ABB-4AB8-9B6D-C2734ECDA6AB}"
EndProject
Project("{9A19103F-16F7-4668-BE54-9A1E7A4F7556}") = "DimonSmart.SpecificationTests", "SpecificationTests\DimonSmart.SpecificationTests.csproj", "{4CEB8C15-15DF-4303-BA33-379811A8FCD0}"
EndProject
Project("{9A19103F-16F7-4668-BE54-9A1E7A4F7556}") = "DimonSmart.EFSpecificationTests", "EFSpecificationTests\DimonSmart.EFSpecificationTests.csproj", "{73F948D9-AC7A-4117-9643-EC03AB83B57D}"
EndProject
Project("{9A19103F-16F7-4668-BE54-9A1E7A4F7556}") = "DimonSmart.TestsCommon", "TestsCommon\DimonSmart.TestsCommon.csproj", "{1D2AAC67-6A4B-4BA4-B4F6-71CD97790A17}"
EndProject
Project("{9A19103F-16F7-4668-BE54-9A1E7A4F7556}") = "DimonSmart.EFDBSpecificationTests", "EFDBSpecificationTests\DimonSmart.EFDBSpecificationTests.csproj", "{50382C80-ACFA-42A0-8816-E1CA22CC79FE}"
EndProject
Global
	GlobalSection(SolutionConfigurationPlatforms) = preSolution
		Debug|Any CPU = Debug|Any CPU
		Release|Any CPU = Release|Any CPU
	EndGlobalSection
	GlobalSection(ProjectConfigurationPlatforms) = postSolution
		{1145F448-4250-416D-AEA8-43B1C33C3CAB}.Debug|Any CPU.ActiveCfg = Debug|Any CPU
		{1145F448-4250-416D-AEA8-43B1C33C3CAB}.Debug|Any CPU.Build.0 = Debug|Any CPU
		{1145F448-4250-416D-AEA8-43B1C33C3CAB}.Release|Any CPU.ActiveCfg = Release|Any CPU
		{1145F448-4250-416D-AEA8-43B1C33C3CAB}.Release|Any CPU.Build.0 = Release|Any CPU
		{7BC1ACAC-8ABB-4AB8-9B6D-C2734ECDA6AB}.Debug|Any CPU.ActiveCfg = Debug|Any CPU
		{7BC1ACAC-8ABB-4AB8-9B6D-C2734ECDA6AB}.Debug|Any CPU.Build.0 = Debug|Any CPU
		{7BC1ACAC-8ABB-4AB8-9B6D-C2734ECDA6AB}.Release|Any CPU.ActiveCfg = Release|Any CPU
		{7BC1ACAC-8ABB-4AB8-9B6D-C2734ECDA6AB}.Release|Any CPU.Build.0 = Release|Any CPU
		{4CEB8C15-15DF-4303-BA33-379811A8FCD0}.Debug|Any CPU.ActiveCfg = Debug|Any CPU
		{4CEB8C15-15DF-4303-BA33-379811A8FCD0}.Debug|Any CPU.Build.0 = Debug|Any CPU
		{4CEB8C15-15DF-4303-BA33-379811A8FCD0}.Release|Any CPU.ActiveCfg = Release|Any CPU
		{4CEB8C15-15DF-4303-BA33-379811A8FCD0}.Release|Any CPU.Build.0 = Release|Any CPU
		{73F948D9-AC7A-4117-9643-EC03AB83B57D}.Debug|Any CPU.ActiveCfg = Debug|Any CPU
		{73F948D9-AC7A-4117-9643-EC03AB83B57D}.Debug|Any CPU.Build.0 = Debug|Any CPU
		{73F948D9-AC7A-4117-9643-EC03AB83B57D}.Release|Any CPU.ActiveCfg = Release|Any CPU
		{73F948D9-AC7A-4117-9643-EC03AB83B57D}.Release|Any CPU.Build.0 = Release|Any CPU
		{1D2AAC67-6A4B-4BA4-B4F6-71CD97790A17}.Debug|Any CPU.ActiveCfg = Debug|Any CPU
		{1D2AAC67-6A4B-4BA4-B4F6-71CD97790A17}.Debug|Any CPU.Build.0 = Debug|Any CPU
		{1D2AAC67-6A4B-4BA4-B4F6-71CD97790A17}.Release|Any CPU.ActiveCfg = Release|Any CPU
		{1D2AAC67-6A4B-4BA4-B4F6-71CD97790A17}.Release|Any CPU.Build.0 = Release|Any CPU
		{50382C80-ACFA-42A0-8816-E1CA22CC79FE}.Debug|Any CPU.ActiveCfg = Debug|Any CPU
		{50382C80-ACFA-42A0-8816-E1CA22CC79FE}.Debug|Any CPU.Build.0 = Debug|Any CPU
		{50382C80-ACFA-42A0-8816-E1CA22CC79FE}.Release|Any CPU.ActiveCfg = Release|Any CPU
		{50382C80-ACFA-42A0-8816-E1CA22CC79FE}.Release|Any CPU.Build.0 = Release|Any CPU
	EndGlobalSection
	GlobalSection(SolutionProperties) = preSolution
		HideSolutionNode = FALSE
	EndGlobalSection
	GlobalSection(ExtensibilityGlobals) = postSolution
		SolutionGuid = {8FD8BB58-08E7-4C44-AEA7-D9A204A41338}
	EndGlobalSection
EndGlobal
